
Microsoft Visual Studio Solution File, Format Version 12.00
# Visual Studio Version 16
VisualStudioVersion = 16.0.31424.327
MinimumVisualStudioVersion = 10.0.40219.1
Project("{9A19103F-16F7-4668-BE54-9A1E7A4F7556}") = "ProEventos.API", "ProEventos.API\ProEventos.API.csproj", "{81AC94E4-A8E7-4D9C-9269-B3999919F28A}"
EndProject
Project("{9A19103F-16F7-4668-BE54-9A1E7A4F7556}") = "ProEventos.Domain", "ProEventos.Domain\ProEventos.Domain.csproj", "{874B3A4A-B935-43A7-88CE-07D71AFFAFCC}"
EndProject
Project("{9A19103F-16F7-4668-BE54-9A1E7A4F7556}") = "ProEventos.Application", "ProEventos.Application\ProEventos.Application.csproj", "{C26F683A-59C0-4537-9F2C-93D405034AA8}"
EndProject
Project("{9A19103F-16F7-4668-BE54-9A1E7A4F7556}") = "ProEventos.Repository", "ProEventos.Repository\ProEventos.Repository.csproj", "{CE128799-38C3-40CE-81B6-C3A2947C0FD6}"
EndProject
Global
	GlobalSection(SolutionConfigurationPlatforms) = preSolution
		Debug|Any CPU = Debug|Any CPU
		Release|Any CPU = Release|Any CPU
	EndGlobalSection
	GlobalSection(ProjectConfigurationPlatforms) = postSolution
		{81AC94E4-A8E7-4D9C-9269-B3999919F28A}.Debug|Any CPU.ActiveCfg = Debug|Any CPU
		{81AC94E4-A8E7-4D9C-9269-B3999919F28A}.Debug|Any CPU.Build.0 = Debug|Any CPU
		{81AC94E4-A8E7-4D9C-9269-B3999919F28A}.Release|Any CPU.ActiveCfg = Release|Any CPU
		{81AC94E4-A8E7-4D9C-9269-B3999919F28A}.Release|Any CPU.Build.0 = Release|Any CPU
		{874B3A4A-B935-43A7-88CE-07D71AFFAFCC}.Debug|Any CPU.ActiveCfg = Debug|Any CPU
		{874B3A4A-B935-43A7-88CE-07D71AFFAFCC}.Debug|Any CPU.Build.0 = Debug|Any CPU
		{874B3A4A-B935-43A7-88CE-07D71AFFAFCC}.Release|Any CPU.ActiveCfg = Release|Any CPU
		{874B3A4A-B935-43A7-88CE-07D71AFFAFCC}.Release|Any CPU.Build.0 = Release|Any CPU
		{C26F683A-59C0-4537-9F2C-93D405034AA8}.Debug|Any CPU.ActiveCfg = Debug|Any CPU
		{C26F683A-59C0-4537-9F2C-93D405034AA8}.Debug|Any CPU.Build.0 = Debug|Any CPU
		{C26F683A-59C0-4537-9F2C-93D405034AA8}.Release|Any CPU.ActiveCfg = Release|Any CPU
		{C26F683A-59C0-4537-9F2C-93D405034AA8}.Release|Any CPU.Build.0 = Release|Any CPU
		{CE128799-38C3-40CE-81B6-C3A2947C0FD6}.Debug|Any CPU.ActiveCfg = Debug|Any CPU
		{CE128799-38C3-40CE-81B6-C3A2947C0FD6}.Debug|Any CPU.Build.0 = Debug|Any CPU
		{CE128799-38C3-40CE-81B6-C3A2947C0FD6}.Release|Any CPU.ActiveCfg = Release|Any CPU
		{CE128799-38C3-40CE-81B6-C3A2947C0FD6}.Release|Any CPU.Build.0 = Release|Any CPU
	EndGlobalSection
	GlobalSection(SolutionProperties) = preSolution
		HideSolutionNode = FALSE
	EndGlobalSection
	GlobalSection(ExtensibilityGlobals) = postSolution
		SolutionGuid = {E61E6952-5016-41DA-9A0E-4C493ED6F77A}
	EndGlobalSection
EndGlobal
